
Microsoft Visual Studio Solution File, Format Version 12.00
# Visual Studio Version 16
VisualStudioVersion = 16.0.31321.278
MinimumVisualStudioVersion = 10.0.40219.1
Project("{FAE04EC0-301F-11D3-BF4B-00C04F79EFBC}") = "Imago.UWP", "Imago\Imago.UWP\Imago.UWP.csproj", "{8F4F4DDC-C040-455D-B80A-BE5F5E2595C0}"
EndProject
Project("{FAE04EC0-301F-11D3-BF4B-00C04F79EFBC}") = "Imago", "Imago\Imago\Imago.csproj", "{F3296353-99E5-4CF9-BF6E-BAB366A9D2EE}"
EndProject
Global
	GlobalSection(SolutionConfigurationPlatforms) = preSolution
		Debug|Any CPU = Debug|Any CPU
		Debug|ARM = Debug|ARM
		Debug|x64 = Debug|x64
		Debug|x86 = Debug|x86
		Release|Any CPU = Release|Any CPU
		Release|ARM = Release|ARM
		Release|x64 = Release|x64
		Release|x86 = Release|x86
	EndGlobalSection
	GlobalSection(ProjectConfigurationPlatforms) = postSolution
		{8F4F4DDC-C040-455D-B80A-BE5F5E2595C0}.Debug|Any CPU.ActiveCfg = Debug|x86
		{8F4F4DDC-C040-455D-B80A-BE5F5E2595C0}.Debug|Any CPU.Build.0 = Debug|x86
		{8F4F4DDC-C040-455D-B80A-BE5F5E2595C0}.Debug|Any CPU.Deploy.0 = Debug|x86
		{8F4F4DDC-C040-455D-B80A-BE5F5E2595C0}.Debug|ARM.ActiveCfg = Debug|ARM
		{8F4F4DDC-C040-455D-B80A-BE5F5E2595C0}.Debug|ARM.Build.0 = Debug|ARM
		{8F4F4DDC-C040-455D-B80A-BE5F5E2595C0}.Debug|ARM.Deploy.0 = Debug|ARM
		{8F4F4DDC-C040-455D-B80A-BE5F5E2595C0}.Debug|x64.ActiveCfg = Debug|x64
		{8F4F4DDC-C040-455D-B80A-BE5F5E2595C0}.Debug|x64.Build.0 = Debug|x64
		{8F4F4DDC-C040-455D-B80A-BE5F5E2595C0}.Debug|x64.Deploy.0 = Debug|x64
		{8F4F4DDC-C040-455D-B80A-BE5F5E2595C0}.Debug|x86.ActiveCfg = Debug|x86
		{8F4F4DDC-C040-455D-B80A-BE5F5E2595C0}.Debug|x86.Build.0 = Debug|x86
		{8F4F4DDC-C040-455D-B80A-BE5F5E2595C0}.Debug|x86.Deploy.0 = Debug|x86
		{8F4F4DDC-C040-455D-B80A-BE5F5E2595C0}.Release|Any CPU.ActiveCfg = Release|x86
		{8F4F4DDC-C040-455D-B80A-BE5F5E2595C0}.Release|Any CPU.Build.0 = Release|x86
		{8F4F4DDC-C040-455D-B80A-BE5F5E2595C0}.Release|Any CPU.Deploy.0 = Release|x86
		{8F4F4DDC-C040-455D-B80A-BE5F5E2595C0}.Release|ARM.ActiveCfg = Release|ARM
		{8F4F4DDC-C040-455D-B80A-BE5F5E2595C0}.Release|ARM.Build.0 = Release|ARM
		{8F4F4DDC-C040-455D-B80A-BE5F5E2595C0}.Release|ARM.Deploy.0 = Release|ARM
		{8F4F4DDC-C040-455D-B80A-BE5F5E2595C0}.Release|x64.ActiveCfg = Release|x64
		{8F4F4DDC-C040-455D-B80A-BE5F5E2595C0}.Release|x64.Build.0 = Release|x64
		{8F4F4DDC-C040-455D-B80A-BE5F5E2595C0}.Release|x64.Deploy.0 = Release|x64
		{8F4F4DDC-C040-455D-B80A-BE5F5E2595C0}.Release|x86.ActiveCfg = Release|x86
		{8F4F4DDC-C040-455D-B80A-BE5F5E2595C0}.Release|x86.Build.0 = Release|x86
		{8F4F4DDC-C040-455D-B80A-BE5F5E2595C0}.Release|x86.Deploy.0 = Release|x86
		{F3296353-99E5-4CF9-BF6E-BAB366A9D2EE}.Debug|Any CPU.ActiveCfg = Debug|Any CPU
		{F3296353-99E5-4CF9-BF6E-BAB366A9D2EE}.Debug|Any CPU.Build.0 = Debug|Any CPU
		{F3296353-99E5-4CF9-BF6E-BAB366A9D2EE}.Debug|Any CPU.Deploy.0 = Debug|Any CPU
		{F3296353-99E5-4CF9-BF6E-BAB366A9D2EE}.Debug|ARM.ActiveCfg = Debug|Any CPU
		{F3296353-99E5-4CF9-BF6E-BAB366A9D2EE}.Debug|ARM.Build.0 = Debug|Any CPU
		{F3296353-99E5-4CF9-BF6E-BAB366A9D2EE}.Debug|ARM.Deploy.0 = Debug|Any CPU
		{F3296353-99E5-4CF9-BF6E-BAB366A9D2EE}.Debug|x64.ActiveCfg = Debug|Any CPU
		{F3296353-99E5-4CF9-BF6E-BAB366A9D2EE}.Debug|x64.Build.0 = Debug|Any CPU
		{F3296353-99E5-4CF9-BF6E-BAB366A9D2EE}.Debug|x64.Deploy.0 = Debug|Any CPU
		{F3296353-99E5-4CF9-BF6E-BAB366A9D2EE}.Debug|x86.ActiveCfg = Debug|Any CPU
		{F3296353-99E5-4CF9-BF6E-BAB366A9D2EE}.Debug|x86.Build.0 = Debug|Any CPU
		{F3296353-99E5-4CF9-BF6E-BAB366A9D2EE}.Debug|x86.Deploy.0 = Debug|Any CPU
		{F3296353-99E5-4CF9-BF6E-BAB366A9D2EE}.Release|Any CPU.ActiveCfg = Release|Any CPU
		{F3296353-99E5-4CF9-BF6E-BAB366A9D2EE}.Release|Any CPU.Build.0 = Release|Any CPU
		{F3296353-99E5-4CF9-BF6E-BAB366A9D2EE}.Release|Any CPU.Deploy.0 = Release|Any CPU
		{F3296353-99E5-4CF9-BF6E-BAB366A9D2EE}.Release|ARM.ActiveCfg = Release|Any CPU
		{F3296353-99E5-4CF9-BF6E-BAB366A9D2EE}.Release|ARM.Build.0 = Release|Any CPU
		{F3296353-99E5-4CF9-BF6E-BAB366A9D2EE}.Release|ARM.Deploy.0 = Release|Any CPU
		{F3296353-99E5-4CF9-BF6E-BAB366A9D2EE}.Release|x64.ActiveCfg = Release|Any CPU
		{F3296353-99E5-4CF9-BF6E-BAB366A9D2EE}.Release|x64.Build.0 = Release|Any CPU
		{F3296353-99E5-4CF9-BF6E-BAB366A9D2EE}.Release|x64.Deploy.0 = Release|Any CPU
		{F3296353-99E5-4CF9-BF6E-BAB366A9D2EE}.Release|x86.ActiveCfg = Release|Any CPU
		{F3296353-99E5-4CF9-BF6E-BAB366A9D2EE}.Release|x86.Build.0 = Release|Any CPU
		{F3296353-99E5-4CF9-BF6E-BAB366A9D2EE}.Release|x86.Deploy.0 = Release|Any CPU
	EndGlobalSection
	GlobalSection(SolutionProperties) = preSolution
		HideSolutionNode = FALSE
	EndGlobalSection
	GlobalSection(ExtensibilityGlobals) = postSolution
		SolutionGuid = {3D412048-CD51-4844-8CCF-9E8C70DCDB96}
	EndGlobalSection
EndGlobal
