
Microsoft Visual Studio Solution File, Format Version 12.00
# Visual Studio Version 16
VisualStudioVersion = 16.0.31321.278
MinimumVisualStudioVersion = 10.0.40219.1
Project("{FAE04EC0-301F-11D3-BF4B-00C04F79EFBC}") = "ImagoApp.UWP", "ImagoApp\ImagoApp.UWP\ImagoApp.UWP.csproj", "{8F4F4DDC-C040-455D-B80A-BE5F5E2595C0}"
EndProject
Project("{9A19103F-16F7-4668-BE54-9A1E7A4F7556}") = "ImagoApp", "ImagoApp\ImagoApp\ImagoApp.csproj", "{F3296353-99E5-4CF9-BF6E-BAB366A9D2EE}"
EndProject
Project("{9A19103F-16F7-4668-BE54-9A1E7A4F7556}") = "ImagoApp.Tests", "ImagoApp.Tests\ImagoApp.Tests.csproj", "{A1080FCA-4DA7-4E30-884B-CDFB32A429CC}"
EndProject
Project("{9A19103F-16F7-4668-BE54-9A1E7A4F7556}") = "ImagoApp.Infrastructure", "ImagoApp.Infrastructure\ImagoApp.Infrastructure.csproj", "{554FF333-3EEE-4DD9-BF1E-477BCF7D0B00}"
EndProject
Project("{9A19103F-16F7-4668-BE54-9A1E7A4F7556}") = "ImagoApp.Shared", "ImagoApp.Shared\ImagoApp.Shared.csproj", "{0E15764D-B79C-40FF-B0A9-B1481253BB44}"
EndProject
Project("{9A19103F-16F7-4668-BE54-9A1E7A4F7556}") = "ImagoApp.Application", "ImagoApp.Application\ImagoApp.Application.csproj", "{FB60A246-A289-4AC3-B9DF-12ED91898230}"
EndProject
Project("{FAE04EC0-301F-11D3-BF4B-00C04F79EFBC}") = "ImagoApp.Installer", "ImagoApp.Installer\ImagoApp.Installer.csproj", "{462FEC53-C7A1-45FC-9BAE-45869F5B9F77}"
EndProject
Global
	GlobalSection(SolutionConfigurationPlatforms) = preSolution
		Debug|Any CPU = Debug|Any CPU
		Debug|ARM = Debug|ARM
		Debug|x64 = Debug|x64
		Debug|x86 = Debug|x86
		Release|Any CPU = Release|Any CPU
		Release|ARM = Release|ARM
		Release|x64 = Release|x64
		Release|x86 = Release|x86
	EndGlobalSection
	GlobalSection(ProjectConfigurationPlatforms) = postSolution
		{8F4F4DDC-C040-455D-B80A-BE5F5E2595C0}.Debug|Any CPU.ActiveCfg = Debug|x86
		{8F4F4DDC-C040-455D-B80A-BE5F5E2595C0}.Debug|Any CPU.Build.0 = Debug|x86
		{8F4F4DDC-C040-455D-B80A-BE5F5E2595C0}.Debug|Any CPU.Deploy.0 = Debug|x86
		{8F4F4DDC-C040-455D-B80A-BE5F5E2595C0}.Debug|ARM.ActiveCfg = Debug|ARM
		{8F4F4DDC-C040-455D-B80A-BE5F5E2595C0}.Debug|ARM.Build.0 = Debug|ARM
		{8F4F4DDC-C040-455D-B80A-BE5F5E2595C0}.Debug|ARM.Deploy.0 = Debug|ARM
		{8F4F4DDC-C040-455D-B80A-BE5F5E2595C0}.Debug|x64.ActiveCfg = Debug|x64
		{8F4F4DDC-C040-455D-B80A-BE5F5E2595C0}.Debug|x64.Build.0 = Debug|x64
		{8F4F4DDC-C040-455D-B80A-BE5F5E2595C0}.Debug|x64.Deploy.0 = Debug|x64
		{8F4F4DDC-C040-455D-B80A-BE5F5E2595C0}.Debug|x86.ActiveCfg = Debug|x86
		{8F4F4DDC-C040-455D-B80A-BE5F5E2595C0}.Debug|x86.Build.0 = Debug|x86
		{8F4F4DDC-C040-455D-B80A-BE5F5E2595C0}.Debug|x86.Deploy.0 = Debug|x86
		{8F4F4DDC-C040-455D-B80A-BE5F5E2595C0}.Release|Any CPU.ActiveCfg = Release|x86
		{8F4F4DDC-C040-455D-B80A-BE5F5E2595C0}.Release|Any CPU.Build.0 = Release|x86
		{8F4F4DDC-C040-455D-B80A-BE5F5E2595C0}.Release|Any CPU.Deploy.0 = Release|x86
		{8F4F4DDC-C040-455D-B80A-BE5F5E2595C0}.Release|ARM.ActiveCfg = Release|ARM
		{8F4F4DDC-C040-455D-B80A-BE5F5E2595C0}.Release|ARM.Build.0 = Release|ARM
		{8F4F4DDC-C040-455D-B80A-BE5F5E2595C0}.Release|ARM.Deploy.0 = Release|ARM
		{8F4F4DDC-C040-455D-B80A-BE5F5E2595C0}.Release|x64.ActiveCfg = Release|x64
		{8F4F4DDC-C040-455D-B80A-BE5F5E2595C0}.Release|x64.Build.0 = Release|x64
		{8F4F4DDC-C040-455D-B80A-BE5F5E2595C0}.Release|x64.Deploy.0 = Release|x64
		{8F4F4DDC-C040-455D-B80A-BE5F5E2595C0}.Release|x86.ActiveCfg = Release|x86
		{8F4F4DDC-C040-455D-B80A-BE5F5E2595C0}.Release|x86.Build.0 = Release|x86
		{8F4F4DDC-C040-455D-B80A-BE5F5E2595C0}.Release|x86.Deploy.0 = Release|x86
		{F3296353-99E5-4CF9-BF6E-BAB366A9D2EE}.Debug|Any CPU.ActiveCfg = Debug|Any CPU
		{F3296353-99E5-4CF9-BF6E-BAB366A9D2EE}.Debug|Any CPU.Build.0 = Debug|Any CPU
		{F3296353-99E5-4CF9-BF6E-BAB366A9D2EE}.Debug|Any CPU.Deploy.0 = Debug|Any CPU
		{F3296353-99E5-4CF9-BF6E-BAB366A9D2EE}.Debug|ARM.ActiveCfg = Debug|Any CPU
		{F3296353-99E5-4CF9-BF6E-BAB366A9D2EE}.Debug|ARM.Build.0 = Debug|Any CPU
		{F3296353-99E5-4CF9-BF6E-BAB366A9D2EE}.Debug|ARM.Deploy.0 = Debug|Any CPU
		{F3296353-99E5-4CF9-BF6E-BAB366A9D2EE}.Debug|x64.ActiveCfg = Debug|Any CPU
		{F3296353-99E5-4CF9-BF6E-BAB366A9D2EE}.Debug|x64.Build.0 = Debug|Any CPU
		{F3296353-99E5-4CF9-BF6E-BAB366A9D2EE}.Debug|x64.Deploy.0 = Debug|Any CPU
		{F3296353-99E5-4CF9-BF6E-BAB366A9D2EE}.Debug|x86.ActiveCfg = Debug|Any CPU
		{F3296353-99E5-4CF9-BF6E-BAB366A9D2EE}.Debug|x86.Build.0 = Debug|Any CPU
		{F3296353-99E5-4CF9-BF6E-BAB366A9D2EE}.Debug|x86.Deploy.0 = Debug|Any CPU
		{F3296353-99E5-4CF9-BF6E-BAB366A9D2EE}.Release|Any CPU.ActiveCfg = Release|Any CPU
		{F3296353-99E5-4CF9-BF6E-BAB366A9D2EE}.Release|Any CPU.Build.0 = Release|Any CPU
		{F3296353-99E5-4CF9-BF6E-BAB366A9D2EE}.Release|Any CPU.Deploy.0 = Release|Any CPU
		{F3296353-99E5-4CF9-BF6E-BAB366A9D2EE}.Release|ARM.ActiveCfg = Release|Any CPU
		{F3296353-99E5-4CF9-BF6E-BAB366A9D2EE}.Release|ARM.Build.0 = Release|Any CPU
		{F3296353-99E5-4CF9-BF6E-BAB366A9D2EE}.Release|ARM.Deploy.0 = Release|Any CPU
		{F3296353-99E5-4CF9-BF6E-BAB366A9D2EE}.Release|x64.ActiveCfg = Release|Any CPU
		{F3296353-99E5-4CF9-BF6E-BAB366A9D2EE}.Release|x64.Build.0 = Release|Any CPU
		{F3296353-99E5-4CF9-BF6E-BAB366A9D2EE}.Release|x64.Deploy.0 = Release|Any CPU
		{F3296353-99E5-4CF9-BF6E-BAB366A9D2EE}.Release|x86.ActiveCfg = Release|Any CPU
		{F3296353-99E5-4CF9-BF6E-BAB366A9D2EE}.Release|x86.Build.0 = Release|Any CPU
		{F3296353-99E5-4CF9-BF6E-BAB366A9D2EE}.Release|x86.Deploy.0 = Release|Any CPU
		{A1080FCA-4DA7-4E30-884B-CDFB32A429CC}.Debug|Any CPU.ActiveCfg = Debug|Any CPU
		{A1080FCA-4DA7-4E30-884B-CDFB32A429CC}.Debug|Any CPU.Build.0 = Debug|Any CPU
		{A1080FCA-4DA7-4E30-884B-CDFB32A429CC}.Debug|ARM.ActiveCfg = Debug|Any CPU
		{A1080FCA-4DA7-4E30-884B-CDFB32A429CC}.Debug|ARM.Build.0 = Debug|Any CPU
		{A1080FCA-4DA7-4E30-884B-CDFB32A429CC}.Debug|x64.ActiveCfg = Debug|Any CPU
		{A1080FCA-4DA7-4E30-884B-CDFB32A429CC}.Debug|x64.Build.0 = Debug|Any CPU
		{A1080FCA-4DA7-4E30-884B-CDFB32A429CC}.Debug|x86.ActiveCfg = Debug|Any CPU
		{A1080FCA-4DA7-4E30-884B-CDFB32A429CC}.Debug|x86.Build.0 = Debug|Any CPU
		{A1080FCA-4DA7-4E30-884B-CDFB32A429CC}.Release|Any CPU.ActiveCfg = Release|Any CPU
		{A1080FCA-4DA7-4E30-884B-CDFB32A429CC}.Release|Any CPU.Build.0 = Release|Any CPU
		{A1080FCA-4DA7-4E30-884B-CDFB32A429CC}.Release|ARM.ActiveCfg = Release|Any CPU
		{A1080FCA-4DA7-4E30-884B-CDFB32A429CC}.Release|ARM.Build.0 = Release|Any CPU
		{A1080FCA-4DA7-4E30-884B-CDFB32A429CC}.Release|x64.ActiveCfg = Release|Any CPU
		{A1080FCA-4DA7-4E30-884B-CDFB32A429CC}.Release|x64.Build.0 = Release|Any CPU
		{A1080FCA-4DA7-4E30-884B-CDFB32A429CC}.Release|x86.ActiveCfg = Release|Any CPU
		{A1080FCA-4DA7-4E30-884B-CDFB32A429CC}.Release|x86.Build.0 = Release|Any CPU
		{554FF333-3EEE-4DD9-BF1E-477BCF7D0B00}.Debug|Any CPU.ActiveCfg = Debug|Any CPU
		{554FF333-3EEE-4DD9-BF1E-477BCF7D0B00}.Debug|Any CPU.Build.0 = Debug|Any CPU
		{554FF333-3EEE-4DD9-BF1E-477BCF7D0B00}.Debug|ARM.ActiveCfg = Debug|Any CPU
		{554FF333-3EEE-4DD9-BF1E-477BCF7D0B00}.Debug|ARM.Build.0 = Debug|Any CPU
		{554FF333-3EEE-4DD9-BF1E-477BCF7D0B00}.Debug|x64.ActiveCfg = Debug|Any CPU
		{554FF333-3EEE-4DD9-BF1E-477BCF7D0B00}.Debug|x64.Build.0 = Debug|Any CPU
		{554FF333-3EEE-4DD9-BF1E-477BCF7D0B00}.Debug|x86.ActiveCfg = Debug|Any CPU
		{554FF333-3EEE-4DD9-BF1E-477BCF7D0B00}.Debug|x86.Build.0 = Debug|Any CPU
		{554FF333-3EEE-4DD9-BF1E-477BCF7D0B00}.Release|Any CPU.ActiveCfg = Release|Any CPU
		{554FF333-3EEE-4DD9-BF1E-477BCF7D0B00}.Release|Any CPU.Build.0 = Release|Any CPU
		{554FF333-3EEE-4DD9-BF1E-477BCF7D0B00}.Release|ARM.ActiveCfg = Release|Any CPU
		{554FF333-3EEE-4DD9-BF1E-477BCF7D0B00}.Release|ARM.Build.0 = Release|Any CPU
		{554FF333-3EEE-4DD9-BF1E-477BCF7D0B00}.Release|x64.ActiveCfg = Release|Any CPU
		{554FF333-3EEE-4DD9-BF1E-477BCF7D0B00}.Release|x64.Build.0 = Release|Any CPU
		{554FF333-3EEE-4DD9-BF1E-477BCF7D0B00}.Release|x86.ActiveCfg = Release|Any CPU
		{554FF333-3EEE-4DD9-BF1E-477BCF7D0B00}.Release|x86.Build.0 = Release|Any CPU
		{0E15764D-B79C-40FF-B0A9-B1481253BB44}.Debug|Any CPU.ActiveCfg = Debug|Any CPU
		{0E15764D-B79C-40FF-B0A9-B1481253BB44}.Debug|Any CPU.Build.0 = Debug|Any CPU
		{0E15764D-B79C-40FF-B0A9-B1481253BB44}.Debug|ARM.ActiveCfg = Debug|Any CPU
		{0E15764D-B79C-40FF-B0A9-B1481253BB44}.Debug|ARM.Build.0 = Debug|Any CPU
		{0E15764D-B79C-40FF-B0A9-B1481253BB44}.Debug|x64.ActiveCfg = Debug|Any CPU
		{0E15764D-B79C-40FF-B0A9-B1481253BB44}.Debug|x64.Build.0 = Debug|Any CPU
		{0E15764D-B79C-40FF-B0A9-B1481253BB44}.Debug|x86.ActiveCfg = Debug|Any CPU
		{0E15764D-B79C-40FF-B0A9-B1481253BB44}.Debug|x86.Build.0 = Debug|Any CPU
		{0E15764D-B79C-40FF-B0A9-B1481253BB44}.Release|Any CPU.ActiveCfg = Release|Any CPU
		{0E15764D-B79C-40FF-B0A9-B1481253BB44}.Release|Any CPU.Build.0 = Release|Any CPU
		{0E15764D-B79C-40FF-B0A9-B1481253BB44}.Release|ARM.ActiveCfg = Release|Any CPU
		{0E15764D-B79C-40FF-B0A9-B1481253BB44}.Release|ARM.Build.0 = Release|Any CPU
		{0E15764D-B79C-40FF-B0A9-B1481253BB44}.Release|x64.ActiveCfg = Release|Any CPU
		{0E15764D-B79C-40FF-B0A9-B1481253BB44}.Release|x64.Build.0 = Release|Any CPU
		{0E15764D-B79C-40FF-B0A9-B1481253BB44}.Release|x86.ActiveCfg = Release|Any CPU
		{0E15764D-B79C-40FF-B0A9-B1481253BB44}.Release|x86.Build.0 = Release|Any CPU
		{FB60A246-A289-4AC3-B9DF-12ED91898230}.Debug|Any CPU.ActiveCfg = Debug|Any CPU
		{FB60A246-A289-4AC3-B9DF-12ED91898230}.Debug|Any CPU.Build.0 = Debug|Any CPU
		{FB60A246-A289-4AC3-B9DF-12ED91898230}.Debug|ARM.ActiveCfg = Debug|Any CPU
		{FB60A246-A289-4AC3-B9DF-12ED91898230}.Debug|ARM.Build.0 = Debug|Any CPU
		{FB60A246-A289-4AC3-B9DF-12ED91898230}.Debug|x64.ActiveCfg = Debug|Any CPU
		{FB60A246-A289-4AC3-B9DF-12ED91898230}.Debug|x64.Build.0 = Debug|Any CPU
		{FB60A246-A289-4AC3-B9DF-12ED91898230}.Debug|x86.ActiveCfg = Debug|Any CPU
		{FB60A246-A289-4AC3-B9DF-12ED91898230}.Debug|x86.Build.0 = Debug|Any CPU
		{FB60A246-A289-4AC3-B9DF-12ED91898230}.Release|Any CPU.ActiveCfg = Release|Any CPU
		{FB60A246-A289-4AC3-B9DF-12ED91898230}.Release|Any CPU.Build.0 = Release|Any CPU
		{FB60A246-A289-4AC3-B9DF-12ED91898230}.Release|ARM.ActiveCfg = Release|Any CPU
		{FB60A246-A289-4AC3-B9DF-12ED91898230}.Release|ARM.Build.0 = Release|Any CPU
		{FB60A246-A289-4AC3-B9DF-12ED91898230}.Release|x64.ActiveCfg = Release|Any CPU
		{FB60A246-A289-4AC3-B9DF-12ED91898230}.Release|x64.Build.0 = Release|Any CPU
		{FB60A246-A289-4AC3-B9DF-12ED91898230}.Release|x86.ActiveCfg = Release|Any CPU
		{FB60A246-A289-4AC3-B9DF-12ED91898230}.Release|x86.Build.0 = Release|Any CPU
		{462FEC53-C7A1-45FC-9BAE-45869F5B9F77}.Debug|Any CPU.ActiveCfg = Debug|Any CPU
		{462FEC53-C7A1-45FC-9BAE-45869F5B9F77}.Debug|Any CPU.Build.0 = Debug|Any CPU
		{462FEC53-C7A1-45FC-9BAE-45869F5B9F77}.Debug|ARM.ActiveCfg = Debug|Any CPU
		{462FEC53-C7A1-45FC-9BAE-45869F5B9F77}.Debug|ARM.Build.0 = Debug|Any CPU
		{462FEC53-C7A1-45FC-9BAE-45869F5B9F77}.Debug|x64.ActiveCfg = Debug|Any CPU
		{462FEC53-C7A1-45FC-9BAE-45869F5B9F77}.Debug|x64.Build.0 = Debug|Any CPU
		{462FEC53-C7A1-45FC-9BAE-45869F5B9F77}.Debug|x86.ActiveCfg = Debug|Any CPU
		{462FEC53-C7A1-45FC-9BAE-45869F5B9F77}.Debug|x86.Build.0 = Debug|Any CPU
		{462FEC53-C7A1-45FC-9BAE-45869F5B9F77}.Release|Any CPU.ActiveCfg = Release|Any CPU
		{462FEC53-C7A1-45FC-9BAE-45869F5B9F77}.Release|Any CPU.Build.0 = Release|Any CPU
		{462FEC53-C7A1-45FC-9BAE-45869F5B9F77}.Release|ARM.ActiveCfg = Release|Any CPU
		{462FEC53-C7A1-45FC-9BAE-45869F5B9F77}.Release|ARM.Build.0 = Release|Any CPU
		{462FEC53-C7A1-45FC-9BAE-45869F5B9F77}.Release|x64.ActiveCfg = Release|Any CPU
		{462FEC53-C7A1-45FC-9BAE-45869F5B9F77}.Release|x64.Build.0 = Release|Any CPU
		{462FEC53-C7A1-45FC-9BAE-45869F5B9F77}.Release|x86.ActiveCfg = Release|Any CPU
		{462FEC53-C7A1-45FC-9BAE-45869F5B9F77}.Release|x86.Build.0 = Release|Any CPU
	EndGlobalSection
	GlobalSection(SolutionProperties) = preSolution
		HideSolutionNode = FALSE
	EndGlobalSection
	GlobalSection(ExtensibilityGlobals) = postSolution
		SolutionGuid = {3D412048-CD51-4844-8CCF-9E8C70DCDB96}
	EndGlobalSection
EndGlobal
